
Microsoft Visual Studio Solution File, Format Version 12.00
# Visual Studio Version 17
VisualStudioVersion = 17.6.33829.357
MinimumVisualStudioVersion = 10.0.40219.1
Project("{FAE04EC0-301F-11D3-BF4B-00C04F79EFBC}") = "Downloader", "Downloader\Downloader.csproj", "{013A2699-241E-402D-A408-1F5C66EB7187}"
EndProject
Global
	GlobalSection(SolutionConfigurationPlatforms) = preSolution
		Debug|Any CPU = Debug|Any CPU
		Release|Any CPU = Release|Any CPU
	EndGlobalSection
	GlobalSection(ProjectConfigurationPlatforms) = postSolution
		{013A2699-241E-402D-A408-1F5C66EB7187}.Debug|Any CPU.ActiveCfg = Debug|Any CPU
		{013A2699-241E-402D-A408-1F5C66EB7187}.Debug|Any CPU.Build.0 = Debug|Any CPU
		{013A2699-241E-402D-A408-1F5C66EB7187}.Release|Any CPU.ActiveCfg = Release|Any CPU
		{013A2699-241E-402D-A408-1F5C66EB7187}.Release|Any CPU.Build.0 = Release|Any CPU
	EndGlobalSection
	GlobalSection(SolutionProperties) = preSolution
		HideSolutionNode = FALSE
	EndGlobalSection
	GlobalSection(ExtensibilityGlobals) = postSolution
		SolutionGuid = {D8634B0F-7D96-4E18-A10A-2D9139A8D592}
	EndGlobalSection
EndGlobal
